// !$*UTF8*$!
{
	archiveVersion = 1;
	classes = {
	};
	objectVersion = 48;
	objects = {

/* Begin PBXBuildFile section */
		720BC26B236C7864009F163B /* TestBase.cpp in Sources */ = {isa = PBXBuildFile; fileRef = 720BC269236C7864009F163B /* TestBase.cpp */; };
		720BC26E236C7889009F163B /* TestComponentContainer.cpp in Sources */ = {isa = PBXBuildFile; fileRef = 720BC26C236C7889009F163B /* TestComponentContainer.cpp */; };
		720BC271236C7AC4009F163B /* AllTests.cpp in Sources */ = {isa = PBXBuildFile; fileRef = 720BC26F236C7AC4009F163B /* AllTests.cpp */; };
		72538B34247F099700D2DA71 /* SimpleVelocity.cpp in Sources */ = {isa = PBXBuildFile; fileRef = 72538B32247F099700D2DA71 /* SimpleVelocity.cpp */; };
		72676565238889C20080412E /* SystemTask.cpp in Sources */ = {isa = PBXBuildFile; fileRef = 72676563238889C20080412E /* SystemTask.cpp */; };
		726BDD3F2404F8B100204F45 /* Hierarchy.cpp in Sources */ = {isa = PBXBuildFile; fileRef = 726BDD3D2404F8B100204F45 /* Hierarchy.cpp */; };
		7280085324CDF5BF002DC6E0 /* LocalBoundingBox.cpp in Sources */ = {isa = PBXBuildFile; fileRef = 7280085124CDF5BF002DC6E0 /* LocalBoundingBox.cpp */; };
		7280085624CDF720002DC6E0 /* Rect.cpp in Sources */ = {isa = PBXBuildFile; fileRef = 7280085424CDF720002DC6E0 /* Rect.cpp */; };
		7280085924CDFB10002DC6E0 /* WorldBoundingBox.cpp in Sources */ = {isa = PBXBuildFile; fileRef = 7280085724CDFB10002DC6E0 /* WorldBoundingBox.cpp */; };
		7280085C24CDFB95002DC6E0 /* WorldBoundingBoxSystem.cpp in Sources */ = {isa = PBXBuildFile; fileRef = 7280085A24CDFB95002DC6E0 /* WorldBoundingBoxSystem.cpp */; };
		7280086024CDFCF3002DC6E0 /* BoundingBoxTests.cpp in Sources */ = {isa = PBXBuildFile; fileRef = 7280085E24CDFCF3002DC6E0 /* BoundingBoxTests.cpp */; };
		7280086324CE0E4F002DC6E0 /* QuadTreeSystem.cpp in Sources */ = {isa = PBXBuildFile; fileRef = 7280086124CE0E4F002DC6E0 /* QuadTreeSystem.cpp */; };
		7280086624CE1533002DC6E0 /* QuadTree.cpp in Sources */ = {isa = PBXBuildFile; fileRef = 7280086424CE1533002DC6E0 /* QuadTree.cpp */; };
		7280086924CE178E002DC6E0 /* BoundingBox.cpp in Sources */ = {isa = PBXBuildFile; fileRef = 7280086724CE178D002DC6E0 /* BoundingBox.cpp */; };
		7280086C24CE19B8002DC6E0 /* QuadTreeNode.cpp in Sources */ = {isa = PBXBuildFile; fileRef = 7280086A24CE19B8002DC6E0 /* QuadTreeNode.cpp */; };
		7280086F24CE229F002DC6E0 /* QuadTreeSystemTests.cpp in Sources */ = {isa = PBXBuildFile; fileRef = 7280086D24CE229F002DC6E0 /* QuadTreeSystemTests.cpp */; };
		7280087324CF6C6D002DC6E0 /* Camera.cpp in Sources */ = {isa = PBXBuildFile; fileRef = 7280087124CF6C6D002DC6E0 /* Camera.cpp */; };
		7280087624CF6CEB002DC6E0 /* RenderSystem.cpp in Sources */ = {isa = PBXBuildFile; fileRef = 7280087424CF6CEB002DC6E0 /* RenderSystem.cpp */; };
		7280087A24CF6D9B002DC6E0 /* RenderSystemTests.cpp in Sources */ = {isa = PBXBuildFile; fileRef = 7280087824CF6D9B002DC6E0 /* RenderSystemTests.cpp */; };
		7280088A24D3660E002DC6E0 /* Window.mm in Sources */ = {isa = PBXBuildFile; fileRef = 7280088124D3660E002DC6E0 /* Window.mm */; };
		7280089924D36617002DC6E0 /* Screen.cpp in Sources */ = {isa = PBXBuildFile; fileRef = 7280089024D36617002DC6E0 /* Screen.cpp */; };
		7280089A24D36617002DC6E0 /* Device.cpp in Sources */ = {isa = PBXBuildFile; fileRef = 7280089224D36617002DC6E0 /* Device.cpp */; };
		7280089B24D36617002DC6E0 /* InputManager.cpp in Sources */ = {isa = PBXBuildFile; fileRef = 7280089324D36617002DC6E0 /* InputManager.cpp */; };
		7280089C24D36617002DC6E0 /* InputDevice.cpp in Sources */ = {isa = PBXBuildFile; fileRef = 7280089524D36617002DC6E0 /* InputDevice.cpp */; };
		7280089D24D36617002DC6E0 /* Engine.cpp in Sources */ = {isa = PBXBuildFile; fileRef = 7280089824D36617002DC6E0 /* Engine.cpp */; };
		728008A224D36B69002DC6E0 /* Cocoa.framework in Frameworks */ = {isa = PBXBuildFile; fileRef = 728008A124D36B69002DC6E0 /* Cocoa.framework */; };
		728008A424D36B6F002DC6E0 /* CoreVideo.framework in Frameworks */ = {isa = PBXBuildFile; fileRef = 728008A324D36B6F002DC6E0 /* CoreVideo.framework */; };
		728008A624D36B75002DC6E0 /* IOKit.framework in Frameworks */ = {isa = PBXBuildFile; fileRef = 728008A524D36B75002DC6E0 /* IOKit.framework */; };
		728008A824D36B8E002DC6E0 /* OpenGL.framework in Frameworks */ = {isa = PBXBuildFile; fileRef = 728008A724D36B8E002DC6E0 /* OpenGL.framework */; };
		728008AB24D36BD6002DC6E0 /* TestRendering.cpp in Sources */ = {isa = PBXBuildFile; fileRef = 728008A924D36BD6002DC6E0 /* TestRendering.cpp */; };
		728008B124D3794E002DC6E0 /* TaskRunner.cpp in Sources */ = {isa = PBXBuildFile; fileRef = 728008AF24D3794E002DC6E0 /* TaskRunner.cpp */; };
		728008B724D37956002DC6E0 /* Timer.cpp in Sources */ = {isa = PBXBuildFile; fileRef = 728008B424D37956002DC6E0 /* Timer.cpp */; };
		728008C124D74B0A002DC6E0 /* Vertex.cpp in Sources */ = {isa = PBXBuildFile; fileRef = 728008BF24D74B0A002DC6E0 /* Vertex.cpp */; };
		728008C224D74B0A002DC6E0 /* Shader.cpp in Sources */ = {isa = PBXBuildFile; fileRef = 728008C024D74B0A002DC6E0 /* Shader.cpp */; };
		728008C524D74C2B002DC6E0 /* Color.cpp in Sources */ = {isa = PBXBuildFile; fileRef = 728008C424D74C2B002DC6E0 /* Color.cpp */; };
		728008C824D750A6002DC6E0 /* Matrix4x4.cpp in Sources */ = {isa = PBXBuildFile; fileRef = 728008C724D750A6002DC6E0 /* Matrix4x4.cpp */; };
		728008CD24D751A9002DC6E0 /* Quaternion.cpp in Sources */ = {isa = PBXBuildFile; fileRef = 728008C924D751A9002DC6E0 /* Quaternion.cpp */; };
		728008CE24D751A9002DC6E0 /* Vector3.cpp in Sources */ = {isa = PBXBuildFile; fileRef = 728008CB24D751A9002DC6E0 /* Vector3.cpp */; };
		728008D124D75A7A002DC6E0 /* Mesh.cpp in Sources */ = {isa = PBXBuildFile; fileRef = 728008CF24D75A7A002DC6E0 /* Mesh.cpp */; };
		7282A40A24804B99003DB7B9 /* StressTest.cpp in Sources */ = {isa = PBXBuildFile; fileRef = 7282A40924804B99003DB7B9 /* StressTest.cpp */; };
		72859C7923FDA31600735591 /* Vector2.cpp in Sources */ = {isa = PBXBuildFile; fileRef = 72859C7723FDA31600735591 /* Vector2.cpp */; };
		72859C7C23FDA38C00735591 /* LocalTransform.cpp in Sources */ = {isa = PBXBuildFile; fileRef = 72859C7A23FDA38C00735591 /* LocalTransform.cpp */; };
		72859C8023FDA43900735591 /* Matrix3x3.cpp in Sources */ = {isa = PBXBuildFile; fileRef = 72859C7E23FDA43800735591 /* Matrix3x3.cpp */; };
		72859C8723FDA6C200735591 /* SpatialTests.cpp in Sources */ = {isa = PBXBuildFile; fileRef = 72859C8523FDA6C200735591 /* SpatialTests.cpp */; };
		728D8770234D1A22003EA2C6 /* GameObjectCollection.cpp in Sources */ = {isa = PBXBuildFile; fileRef = 728D876E234D1A22003EA2C6 /* GameObjectCollection.cpp */; };
		728D8778234D2192003EA2C6 /* GameObjectDatabase.cpp in Sources */ = {isa = PBXBuildFile; fileRef = 728D8776234D2192003EA2C6 /* GameObjectDatabase.cpp */; };
		72B483C8233A992700E44E78 /* TestSystemDependencies.cpp in Sources */ = {isa = PBXBuildFile; fileRef = 72B483C7233A992700E44E78 /* TestSystemDependencies.cpp */; };
		72ED8724236CCC2B00CB9E86 /* TestGameObjectDatabase.cpp in Sources */ = {isa = PBXBuildFile; fileRef = 72ED8722236CCC2B00CB9E86 /* TestGameObjectDatabase.cpp */; };
		72ED8727236CE59200CB9E86 /* Simple.cpp in Sources */ = {isa = PBXBuildFile; fileRef = 72ED8726236CE59200CB9E86 /* Simple.cpp */; };
		72F2E7D723FDA90B0041B56A /* LogicTests.cpp in Sources */ = {isa = PBXBuildFile; fileRef = 72F2E7D523FDA90B0041B56A /* LogicTests.cpp */; };
		72F2E7DA23FDA9A40041B56A /* RunLogicTests.cpp in Sources */ = {isa = PBXBuildFile; fileRef = 72F2E7D923FDA9A40041B56A /* RunLogicTests.cpp */; };
		72F2E7DD23FDCFEA0041B56A /* WorldTransform.cpp in Sources */ = {isa = PBXBuildFile; fileRef = 72F2E7DB23FDCFEA0041B56A /* WorldTransform.cpp */; };
		72F2E7F0240080690041B56A /* TestTaskRunner.cpp in Sources */ = {isa = PBXBuildFile; fileRef = 72F2E7EE240080690041B56A /* TestTaskRunner.cpp */; };
		72F2E7F3240088C60041B56A /* WorldTransformSystem.cpp in Sources */ = {isa = PBXBuildFile; fileRef = 72F2E7F2240088C60041B56A /* WorldTransformSystem.cpp */; };
		72F2E7FD2402D0F20041B56A /* HierarchySystem.cpp in Sources */ = {isa = PBXBuildFile; fileRef = 72F2E7FB2402D0F20041B56A /* HierarchySystem.cpp */; };
		72F2E801240329960041B56A /* HierarchicalTests.cpp in Sources */ = {isa = PBXBuildFile; fileRef = 72F2E7FF240329960041B56A /* HierarchicalTests.cpp */; };
		72F2E80424046F260041B56A /* HierarchyWorldTransformSystem.cpp in Sources */ = {isa = PBXBuildFile; fileRef = 72F2E80224046F260041B56A /* HierarchyWorldTransformSystem.cpp */; };
/* End PBXBuildFile section */

/* Begin PBXCopyFilesBuildPhase section */
		72332DB8233A90F3007DBD21 /* CopyFiles */ = {
			isa = PBXCopyFilesBuildPhase;
			buildActionMask = 2147483647;
			dstPath = /usr/share/man/man1/;
			dstSubfolderSpec = 0;
			files = (
			);
			runOnlyForDeploymentPostprocessing = 1;
		};
/* End PBXCopyFilesBuildPhase section */

/* Begin PBXFileReference section */
		720BC269236C7864009F163B /* TestBase.cpp */ = {isa = PBXFileReference; fileEncoding = 4; lastKnownFileType = sourcecode.cpp.cpp; path = TestBase.cpp; sourceTree = "<group>"; };
		720BC26A236C7864009F163B /* TestBase.hpp */ = {isa = PBXFileReference; fileEncoding = 4; lastKnownFileType = sourcecode.cpp.h; path = TestBase.hpp; sourceTree = "<group>"; };
		720BC26C236C7889009F163B /* TestComponentContainer.cpp */ = {isa = PBXFileReference; lastKnownFileType = sourcecode.cpp.cpp; path = TestComponentContainer.cpp; sourceTree = "<group>"; };
		720BC26D236C7889009F163B /* TestComponentContainer.hpp */ = {isa = PBXFileReference; lastKnownFileType = sourcecode.cpp.h; path = TestComponentContainer.hpp; sourceTree = "<group>"; };
		720BC26F236C7AC4009F163B /* AllTests.cpp */ = {isa = PBXFileReference; lastKnownFileType = sourcecode.cpp.cpp; path = AllTests.cpp; sourceTree = "<group>"; };
		720BC270236C7AC4009F163B /* AllTests.hpp */ = {isa = PBXFileReference; lastKnownFileType = sourcecode.cpp.h; path = AllTests.hpp; sourceTree = "<group>"; };
		72332DBA233A90F3007DBD21 /* AsyncECS */ = {isa = PBXFileReference; explicitFileType = "compiled.mach-o.executable"; includeInIndex = 0; path = AsyncECS; sourceTree = BUILT_PRODUCTS_DIR; };
		72538B32247F099700D2DA71 /* SimpleVelocity.cpp */ = {isa = PBXFileReference; lastKnownFileType = sourcecode.cpp.cpp; path = SimpleVelocity.cpp; sourceTree = "<group>"; };
		72676563238889C20080412E /* SystemTask.cpp */ = {isa = PBXFileReference; lastKnownFileType = sourcecode.cpp.cpp; path = SystemTask.cpp; sourceTree = "<group>"; };
		72676564238889C20080412E /* SystemTask.hpp */ = {isa = PBXFileReference; lastKnownFileType = sourcecode.cpp.h; path = SystemTask.hpp; sourceTree = "<group>"; };
		726BDD3D2404F8B100204F45 /* Hierarchy.cpp */ = {isa = PBXFileReference; lastKnownFileType = sourcecode.cpp.cpp; path = Hierarchy.cpp; sourceTree = "<group>"; };
		726BDD3E2404F8B100204F45 /* Hierarchy.hpp */ = {isa = PBXFileReference; lastKnownFileType = sourcecode.cpp.h; path = Hierarchy.hpp; sourceTree = "<group>"; };
		727A15CA2496ADFE00CB7208 /* WorldTransform.hpp */ = {isa = PBXFileReference; fileEncoding = 4; lastKnownFileType = sourcecode.cpp.h; path = WorldTransform.hpp; sourceTree = "<group>"; };
		7280085124CDF5BF002DC6E0 /* LocalBoundingBox.cpp */ = {isa = PBXFileReference; lastKnownFileType = sourcecode.cpp.cpp; path = LocalBoundingBox.cpp; sourceTree = "<group>"; };
		7280085224CDF5BF002DC6E0 /* LocalBoundingBox.hpp */ = {isa = PBXFileReference; lastKnownFileType = sourcecode.cpp.h; path = LocalBoundingBox.hpp; sourceTree = "<group>"; };
		7280085424CDF720002DC6E0 /* Rect.cpp */ = {isa = PBXFileReference; lastKnownFileType = sourcecode.cpp.cpp; path = Rect.cpp; sourceTree = "<group>"; };
		7280085524CDF720002DC6E0 /* Rect.hpp */ = {isa = PBXFileReference; lastKnownFileType = sourcecode.cpp.h; path = Rect.hpp; sourceTree = "<group>"; };
		7280085724CDFB10002DC6E0 /* WorldBoundingBox.cpp */ = {isa = PBXFileReference; lastKnownFileType = sourcecode.cpp.cpp; path = WorldBoundingBox.cpp; sourceTree = "<group>"; };
		7280085824CDFB10002DC6E0 /* WorldBoundingBox.hpp */ = {isa = PBXFileReference; lastKnownFileType = sourcecode.cpp.h; path = WorldBoundingBox.hpp; sourceTree = "<group>"; };
		7280085A24CDFB95002DC6E0 /* WorldBoundingBoxSystem.cpp */ = {isa = PBXFileReference; lastKnownFileType = sourcecode.cpp.cpp; path = WorldBoundingBoxSystem.cpp; sourceTree = "<group>"; };
		7280085B24CDFB95002DC6E0 /* WorldBoundingBoxSystem.hpp */ = {isa = PBXFileReference; lastKnownFileType = sourcecode.cpp.h; path = WorldBoundingBoxSystem.hpp; sourceTree = "<group>"; };
		7280085E24CDFCF3002DC6E0 /* BoundingBoxTests.cpp */ = {isa = PBXFileReference; lastKnownFileType = sourcecode.cpp.cpp; path = BoundingBoxTests.cpp; sourceTree = "<group>"; };
		7280085F24CDFCF3002DC6E0 /* BoundingBoxTests.hpp */ = {isa = PBXFileReference; lastKnownFileType = sourcecode.cpp.h; path = BoundingBoxTests.hpp; sourceTree = "<group>"; };
		7280086124CE0E4F002DC6E0 /* QuadTreeSystem.cpp */ = {isa = PBXFileReference; lastKnownFileType = sourcecode.cpp.cpp; path = QuadTreeSystem.cpp; sourceTree = "<group>"; };
		7280086224CE0E4F002DC6E0 /* QuadTreeSystem.hpp */ = {isa = PBXFileReference; lastKnownFileType = sourcecode.cpp.h; path = QuadTreeSystem.hpp; sourceTree = "<group>"; };
		7280086424CE1533002DC6E0 /* QuadTree.cpp */ = {isa = PBXFileReference; lastKnownFileType = sourcecode.cpp.cpp; path = QuadTree.cpp; sourceTree = "<group>"; };
		7280086524CE1533002DC6E0 /* QuadTree.hpp */ = {isa = PBXFileReference; lastKnownFileType = sourcecode.cpp.h; path = QuadTree.hpp; sourceTree = "<group>"; };
		7280086724CE178D002DC6E0 /* BoundingBox.cpp */ = {isa = PBXFileReference; lastKnownFileType = sourcecode.cpp.cpp; path = BoundingBox.cpp; sourceTree = "<group>"; };
		7280086824CE178D002DC6E0 /* BoundingBox.hpp */ = {isa = PBXFileReference; lastKnownFileType = sourcecode.cpp.h; path = BoundingBox.hpp; sourceTree = "<group>"; };
		7280086A24CE19B8002DC6E0 /* QuadTreeNode.cpp */ = {isa = PBXFileReference; lastKnownFileType = sourcecode.cpp.cpp; path = QuadTreeNode.cpp; sourceTree = "<group>"; };
		7280086B24CE19B8002DC6E0 /* QuadTreeNode.hpp */ = {isa = PBXFileReference; lastKnownFileType = sourcecode.cpp.h; path = QuadTreeNode.hpp; sourceTree = "<group>"; };
		7280086D24CE229F002DC6E0 /* QuadTreeSystemTests.cpp */ = {isa = PBXFileReference; lastKnownFileType = sourcecode.cpp.cpp; path = QuadTreeSystemTests.cpp; sourceTree = "<group>"; };
		7280086E24CE229F002DC6E0 /* QuadTreeSystemTests.hpp */ = {isa = PBXFileReference; lastKnownFileType = sourcecode.cpp.h; path = QuadTreeSystemTests.hpp; sourceTree = "<group>"; };
		7280087124CF6C6D002DC6E0 /* Camera.cpp */ = {isa = PBXFileReference; lastKnownFileType = sourcecode.cpp.cpp; path = Camera.cpp; sourceTree = "<group>"; };
		7280087224CF6C6D002DC6E0 /* Camera.hpp */ = {isa = PBXFileReference; lastKnownFileType = sourcecode.cpp.h; path = Camera.hpp; sourceTree = "<group>"; };
		7280087424CF6CEB002DC6E0 /* RenderSystem.cpp */ = {isa = PBXFileReference; lastKnownFileType = sourcecode.cpp.cpp; path = RenderSystem.cpp; sourceTree = "<group>"; };
		7280087524CF6CEB002DC6E0 /* RenderSystem.hpp */ = {isa = PBXFileReference; lastKnownFileType = sourcecode.cpp.h; path = RenderSystem.hpp; sourceTree = "<group>"; };
		7280087824CF6D9B002DC6E0 /* RenderSystemTests.cpp */ = {isa = PBXFileReference; lastKnownFileType = sourcecode.cpp.cpp; path = RenderSystemTests.cpp; sourceTree = "<group>"; };
		7280087924CF6D9B002DC6E0 /* RenderSystemTests.hpp */ = {isa = PBXFileReference; lastKnownFileType = sourcecode.cpp.h; path = RenderSystemTests.hpp; sourceTree = "<group>"; };
		7280087E24D3660E002DC6E0 /* OSXView.h */ = {isa = PBXFileReference; fileEncoding = 4; lastKnownFileType = sourcecode.c.h; path = OSXView.h; sourceTree = "<group>"; };
		7280088124D3660E002DC6E0 /* Window.mm */ = {isa = PBXFileReference; fileEncoding = 4; lastKnownFileType = sourcecode.cpp.objcpp; path = Window.mm; sourceTree = "<group>"; };
		7280088724D3660E002DC6E0 /* Window.hpp */ = {isa = PBXFileReference; fileEncoding = 4; lastKnownFileType = sourcecode.cpp.h; path = Window.hpp; sourceTree = "<group>"; };
		7280088E24D36617002DC6E0 /* Engine.hpp */ = {isa = PBXFileReference; fileEncoding = 4; lastKnownFileType = sourcecode.cpp.h; path = Engine.hpp; sourceTree = "<group>"; };
		7280088F24D36617002DC6E0 /* InputManager.hpp */ = {isa = PBXFileReference; fileEncoding = 4; lastKnownFileType = sourcecode.cpp.h; path = InputManager.hpp; sourceTree = "<group>"; };
		7280089024D36617002DC6E0 /* Screen.cpp */ = {isa = PBXFileReference; fileEncoding = 4; lastKnownFileType = sourcecode.cpp.cpp; path = Screen.cpp; sourceTree = "<group>"; };
		7280089124D36617002DC6E0 /* InputDevice.hpp */ = {isa = PBXFileReference; fileEncoding = 4; lastKnownFileType = sourcecode.cpp.h; path = InputDevice.hpp; sourceTree = "<group>"; };
		7280089224D36617002DC6E0 /* Device.cpp */ = {isa = PBXFileReference; fileEncoding = 4; lastKnownFileType = sourcecode.cpp.cpp; path = Device.cpp; sourceTree = "<group>"; };
		7280089324D36617002DC6E0 /* InputManager.cpp */ = {isa = PBXFileReference; fileEncoding = 4; lastKnownFileType = sourcecode.cpp.cpp; path = InputManager.cpp; sourceTree = "<group>"; };
		7280089424D36617002DC6E0 /* Screen.hpp */ = {isa = PBXFileReference; fileEncoding = 4; lastKnownFileType = sourcecode.cpp.h; path = Screen.hpp; sourceTree = "<group>"; };
		7280089524D36617002DC6E0 /* InputDevice.cpp */ = {isa = PBXFileReference; fileEncoding = 4; lastKnownFileType = sourcecode.cpp.cpp; path = InputDevice.cpp; sourceTree = "<group>"; };
		7280089624D36617002DC6E0 /* Device.hpp */ = {isa = PBXFileReference; fileEncoding = 4; lastKnownFileType = sourcecode.cpp.h; path = Device.hpp; sourceTree = "<group>"; };
		7280089724D36617002DC6E0 /* IState.hpp */ = {isa = PBXFileReference; fileEncoding = 4; lastKnownFileType = sourcecode.cpp.h; path = IState.hpp; sourceTree = "<group>"; };
		7280089824D36617002DC6E0 /* Engine.cpp */ = {isa = PBXFileReference; fileEncoding = 4; lastKnownFileType = sourcecode.cpp.cpp; path = Engine.cpp; sourceTree = "<group>"; };
		728008A124D36B69002DC6E0 /* Cocoa.framework */ = {isa = PBXFileReference; lastKnownFileType = wrapper.framework; name = Cocoa.framework; path = System/Library/Frameworks/Cocoa.framework; sourceTree = SDKROOT; };
		728008A324D36B6F002DC6E0 /* CoreVideo.framework */ = {isa = PBXFileReference; lastKnownFileType = wrapper.framework; name = CoreVideo.framework; path = System/Library/Frameworks/CoreVideo.framework; sourceTree = SDKROOT; };
		728008A524D36B75002DC6E0 /* IOKit.framework */ = {isa = PBXFileReference; lastKnownFileType = wrapper.framework; name = IOKit.framework; path = System/Library/Frameworks/IOKit.framework; sourceTree = SDKROOT; };
		728008A724D36B8E002DC6E0 /* OpenGL.framework */ = {isa = PBXFileReference; lastKnownFileType = wrapper.framework; name = OpenGL.framework; path = System/Library/Frameworks/OpenGL.framework; sourceTree = SDKROOT; };
		728008A924D36BD6002DC6E0 /* TestRendering.cpp */ = {isa = PBXFileReference; lastKnownFileType = sourcecode.cpp.cpp; path = TestRendering.cpp; sourceTree = "<group>"; };
		728008AC24D3794D002DC6E0 /* TaskRunner.hpp */ = {isa = PBXFileReference; fileEncoding = 4; lastKnownFileType = sourcecode.cpp.h; path = TaskRunner.hpp; sourceTree = "<group>"; };
		728008AD24D3794D002DC6E0 /* ClassNameHelper.hpp */ = {isa = PBXFileReference; fileEncoding = 4; lastKnownFileType = sourcecode.cpp.h; path = ClassNameHelper.hpp; sourceTree = "<group>"; };
		728008AE24D3794E002DC6E0 /* HasMethodHelper.hpp */ = {isa = PBXFileReference; fileEncoding = 4; lastKnownFileType = sourcecode.cpp.h; path = HasMethodHelper.hpp; sourceTree = "<group>"; };
		728008AF24D3794E002DC6E0 /* TaskRunner.cpp */ = {isa = PBXFileReference; fileEncoding = 4; lastKnownFileType = sourcecode.cpp.cpp; path = TaskRunner.cpp; sourceTree = "<group>"; };
		728008B024D3794E002DC6E0 /* TupleHelper.hpp */ = {isa = PBXFileReference; fileEncoding = 4; lastKnownFileType = sourcecode.cpp.h; path = TupleHelper.hpp; sourceTree = "<group>"; };
		728008B324D37956002DC6E0 /* Event.hpp */ = {isa = PBXFileReference; fileEncoding = 4; lastKnownFileType = sourcecode.cpp.h; path = Event.hpp; sourceTree = "<group>"; };
		728008B424D37956002DC6E0 /* Timer.cpp */ = {isa = PBXFileReference; fileEncoding = 4; lastKnownFileType = sourcecode.cpp.cpp; path = Timer.cpp; sourceTree = "<group>"; };
		728008B524D37956002DC6E0 /* Property.hpp */ = {isa = PBXFileReference; fileEncoding = 4; lastKnownFileType = sourcecode.cpp.h; path = Property.hpp; sourceTree = "<group>"; };
		728008B624D37956002DC6E0 /* Timer.hpp */ = {isa = PBXFileReference; fileEncoding = 4; lastKnownFileType = sourcecode.cpp.h; path = Timer.hpp; sourceTree = "<group>"; };
		728008B924D37A04002DC6E0 /* OpenGL.hpp */ = {isa = PBXFileReference; fileEncoding = 4; lastKnownFileType = sourcecode.cpp.h; path = OpenGL.hpp; sourceTree = "<group>"; };
		728008BD24D74B0A002DC6E0 /* Vertex.hpp */ = {isa = PBXFileReference; fileEncoding = 4; lastKnownFileType = sourcecode.cpp.h; path = Vertex.hpp; sourceTree = "<group>"; };
		728008BE24D74B0A002DC6E0 /* Shader.hpp */ = {isa = PBXFileReference; fileEncoding = 4; lastKnownFileType = sourcecode.cpp.h; path = Shader.hpp; sourceTree = "<group>"; };
		728008BF24D74B0A002DC6E0 /* Vertex.cpp */ = {isa = PBXFileReference; fileEncoding = 4; lastKnownFileType = sourcecode.cpp.cpp; path = Vertex.cpp; sourceTree = "<group>"; };
		728008C024D74B0A002DC6E0 /* Shader.cpp */ = {isa = PBXFileReference; fileEncoding = 4; lastKnownFileType = sourcecode.cpp.cpp; path = Shader.cpp; sourceTree = "<group>"; };
		728008C324D74C2B002DC6E0 /* Color.hpp */ = {isa = PBXFileReference; fileEncoding = 4; lastKnownFileType = sourcecode.cpp.h; path = Color.hpp; sourceTree = "<group>"; };
		728008C424D74C2B002DC6E0 /* Color.cpp */ = {isa = PBXFileReference; fileEncoding = 4; lastKnownFileType = sourcecode.cpp.cpp; path = Color.cpp; sourceTree = "<group>"; };
		728008C624D750A6002DC6E0 /* Matrix4x4.hpp */ = {isa = PBXFileReference; fileEncoding = 4; lastKnownFileType = sourcecode.cpp.h; path = Matrix4x4.hpp; sourceTree = "<group>"; };
		728008C724D750A6002DC6E0 /* Matrix4x4.cpp */ = {isa = PBXFileReference; fileEncoding = 4; lastKnownFileType = sourcecode.cpp.cpp; path = Matrix4x4.cpp; sourceTree = "<group>"; };
		728008C924D751A9002DC6E0 /* Quaternion.cpp */ = {isa = PBXFileReference; fileEncoding = 4; lastKnownFileType = sourcecode.cpp.cpp; path = Quaternion.cpp; sourceTree = "<group>"; };
		728008CA24D751A9002DC6E0 /* Vector3.hpp */ = {isa = PBXFileReference; fileEncoding = 4; lastKnownFileType = sourcecode.cpp.h; path = Vector3.hpp; sourceTree = "<group>"; };
		728008CB24D751A9002DC6E0 /* Vector3.cpp */ = {isa = PBXFileReference; fileEncoding = 4; lastKnownFileType = sourcecode.cpp.cpp; path = Vector3.cpp; sourceTree = "<group>"; };
		728008CC24D751A9002DC6E0 /* Quaternion.hpp */ = {isa = PBXFileReference; fileEncoding = 4; lastKnownFileType = sourcecode.cpp.h; path = Quaternion.hpp; sourceTree = "<group>"; };
		728008CF24D75A7A002DC6E0 /* Mesh.cpp */ = {isa = PBXFileReference; lastKnownFileType = sourcecode.cpp.cpp; path = Mesh.cpp; sourceTree = "<group>"; };
		728008D024D75A7A002DC6E0 /* Mesh.hpp */ = {isa = PBXFileReference; lastKnownFileType = sourcecode.cpp.h; path = Mesh.hpp; sourceTree = "<group>"; };
		728008D224E12041002DC6E0 /* VertexRenderer.hpp */ = {isa = PBXFileReference; fileEncoding = 4; lastKnownFileType = sourcecode.cpp.h; path = VertexRenderer.hpp; sourceTree = "<group>"; };
		7282A40924804B99003DB7B9 /* StressTest.cpp */ = {isa = PBXFileReference; lastKnownFileType = sourcecode.cpp.cpp; path = StressTest.cpp; sourceTree = "<group>"; };
		7282A40B24804BC1003DB7B9 /* ECS.hpp */ = {isa = PBXFileReference; lastKnownFileType = sourcecode.cpp.h; path = ECS.hpp; sourceTree = "<group>"; };
		72859C7723FDA31600735591 /* Vector2.cpp */ = {isa = PBXFileReference; lastKnownFileType = sourcecode.cpp.cpp; path = Vector2.cpp; sourceTree = "<group>"; };
		72859C7823FDA31600735591 /* Vector2.hpp */ = {isa = PBXFileReference; lastKnownFileType = sourcecode.cpp.h; path = Vector2.hpp; sourceTree = "<group>"; };
		72859C7A23FDA38C00735591 /* LocalTransform.cpp */ = {isa = PBXFileReference; lastKnownFileType = sourcecode.cpp.cpp; path = LocalTransform.cpp; sourceTree = "<group>"; };
		72859C7B23FDA38C00735591 /* LocalTransform.hpp */ = {isa = PBXFileReference; lastKnownFileType = sourcecode.cpp.h; path = LocalTransform.hpp; sourceTree = "<group>"; };
		72859C7E23FDA43800735591 /* Matrix3x3.cpp */ = {isa = PBXFileReference; fileEncoding = 4; lastKnownFileType = sourcecode.cpp.cpp; path = Matrix3x3.cpp; sourceTree = "<group>"; };
		72859C7F23FDA43900735591 /* Matrix3x3.hpp */ = {isa = PBXFileReference; fileEncoding = 4; lastKnownFileType = sourcecode.cpp.h; path = Matrix3x3.hpp; sourceTree = "<group>"; };
		72859C8523FDA6C200735591 /* SpatialTests.cpp */ = {isa = PBXFileReference; lastKnownFileType = sourcecode.cpp.cpp; path = SpatialTests.cpp; sourceTree = "<group>"; };
		72859C8623FDA6C200735591 /* SpatialTests.hpp */ = {isa = PBXFileReference; lastKnownFileType = sourcecode.cpp.h; path = SpatialTests.hpp; sourceTree = "<group>"; };
		728D876D234D1969003EA2C6 /* Registry.hpp */ = {isa = PBXFileReference; lastKnownFileType = sourcecode.cpp.h; path = Registry.hpp; sourceTree = "<group>"; };
		728D876E234D1A22003EA2C6 /* GameObjectCollection.cpp */ = {isa = PBXFileReference; lastKnownFileType = sourcecode.cpp.cpp; path = GameObjectCollection.cpp; sourceTree = "<group>"; };
		728D876F234D1A22003EA2C6 /* GameObjectCollection.hpp */ = {isa = PBXFileReference; lastKnownFileType = sourcecode.cpp.h; path = GameObjectCollection.hpp; sourceTree = "<group>"; };
		728D8772234D1BE9003EA2C6 /* GameObject.hpp */ = {isa = PBXFileReference; lastKnownFileType = sourcecode.cpp.h; path = GameObject.hpp; sourceTree = "<group>"; };
		728D8775234D1E15003EA2C6 /* Scene.hpp */ = {isa = PBXFileReference; lastKnownFileType = sourcecode.cpp.h; path = Scene.hpp; sourceTree = "<group>"; };
		728D8776234D2192003EA2C6 /* GameObjectDatabase.cpp */ = {isa = PBXFileReference; lastKnownFileType = sourcecode.cpp.cpp; path = GameObjectDatabase.cpp; sourceTree = "<group>"; };
		728D8777234D2192003EA2C6 /* GameObjectDatabase.hpp */ = {isa = PBXFileReference; lastKnownFileType = sourcecode.cpp.h; path = GameObjectDatabase.hpp; sourceTree = "<group>"; };
		72B483C7233A992700E44E78 /* TestSystemDependencies.cpp */ = {isa = PBXFileReference; lastKnownFileType = sourcecode.cpp.cpp; path = TestSystemDependencies.cpp; sourceTree = "<group>"; };
		72B483C9233BE20900E44E78 /* ComponentContainer.hpp */ = {isa = PBXFileReference; lastKnownFileType = sourcecode.cpp.h; path = ComponentContainer.hpp; sourceTree = "<group>"; };
		72ED8722236CCC2B00CB9E86 /* TestGameObjectDatabase.cpp */ = {isa = PBXFileReference; lastKnownFileType = sourcecode.cpp.cpp; path = TestGameObjectDatabase.cpp; sourceTree = "<group>"; };
		72ED8723236CCC2B00CB9E86 /* TestGameObjectDatabase.hpp */ = {isa = PBXFileReference; lastKnownFileType = sourcecode.cpp.h; path = TestGameObjectDatabase.hpp; sourceTree = "<group>"; };
		72ED8725236CE13600CB9E86 /* README.md */ = {isa = PBXFileReference; fileEncoding = 4; lastKnownFileType = net.daringfireball.markdown; path = README.md; sourceTree = "<group>"; };
		72ED8726236CE59200CB9E86 /* Simple.cpp */ = {isa = PBXFileReference; lastKnownFileType = sourcecode.cpp.cpp; path = Simple.cpp; sourceTree = "<group>"; };
		72ED872823735D6B00CB9E86 /* ComponentView.hpp */ = {isa = PBXFileReference; lastKnownFileType = sourcecode.cpp.h; path = ComponentView.hpp; sourceTree = "<group>"; };
		72F2E7D523FDA90B0041B56A /* LogicTests.cpp */ = {isa = PBXFileReference; lastKnownFileType = sourcecode.cpp.cpp; path = LogicTests.cpp; sourceTree = "<group>"; };
		72F2E7D623FDA90B0041B56A /* LogicTests.hpp */ = {isa = PBXFileReference; lastKnownFileType = sourcecode.cpp.h; path = LogicTests.hpp; sourceTree = "<group>"; };
		72F2E7D923FDA9A40041B56A /* RunLogicTests.cpp */ = {isa = PBXFileReference; lastKnownFileType = sourcecode.cpp.cpp; path = RunLogicTests.cpp; sourceTree = "<group>"; };
		72F2E7DB23FDCFEA0041B56A /* WorldTransform.cpp */ = {isa = PBXFileReference; lastKnownFileType = sourcecode.cpp.cpp; path = WorldTransform.cpp; sourceTree = "<group>"; };
		72F2E7EE240080690041B56A /* TestTaskRunner.cpp */ = {isa = PBXFileReference; lastKnownFileType = sourcecode.cpp.cpp; path = TestTaskRunner.cpp; sourceTree = "<group>"; };
		72F2E7EF240080690041B56A /* TestTaskRunner.hpp */ = {isa = PBXFileReference; lastKnownFileType = sourcecode.cpp.h; path = TestTaskRunner.hpp; sourceTree = "<group>"; };
		72F2E7F1240088C50041B56A /* WorldTransformSystem.hpp */ = {isa = PBXFileReference; fileEncoding = 4; lastKnownFileType = sourcecode.cpp.h; path = WorldTransformSystem.hpp; sourceTree = "<group>"; };
		72F2E7F2240088C60041B56A /* WorldTransformSystem.cpp */ = {isa = PBXFileReference; fileEncoding = 4; lastKnownFileType = sourcecode.cpp.cpp; path = WorldTransformSystem.cpp; sourceTree = "<group>"; };
		72F2E7F52401B53B0041B56A /* SystemDependencies.hpp */ = {isa = PBXFileReference; lastKnownFileType = sourcecode.cpp.h; path = SystemDependencies.hpp; sourceTree = "<group>"; };
		72F2E7F62401B8E70041B56A /* SystemTypes.hpp */ = {isa = PBXFileReference; lastKnownFileType = sourcecode.cpp.h; path = SystemTypes.hpp; sourceTree = "<group>"; };
		72F2E7F72401B9900041B56A /* SystemBase.hpp */ = {isa = PBXFileReference; lastKnownFileType = sourcecode.cpp.h; path = SystemBase.hpp; sourceTree = "<group>"; };
		72F2E7F82401BA380041B56A /* System.hpp */ = {isa = PBXFileReference; lastKnownFileType = sourcecode.cpp.h; path = System.hpp; sourceTree = "<group>"; };
		72F2E7F92401BA9B0041B56A /* SystemChanged.hpp */ = {isa = PBXFileReference; lastKnownFileType = sourcecode.cpp.h; path = SystemChanged.hpp; sourceTree = "<group>"; };
		72F2E7FA2401BB5E0041B56A /* SystemChangedGameObject.hpp */ = {isa = PBXFileReference; lastKnownFileType = sourcecode.cpp.h; path = SystemChangedGameObject.hpp; sourceTree = "<group>"; };
		72F2E7FB2402D0F20041B56A /* HierarchySystem.cpp */ = {isa = PBXFileReference; lastKnownFileType = sourcecode.cpp.cpp; path = HierarchySystem.cpp; sourceTree = "<group>"; };
		72F2E7FC2402D0F20041B56A /* HierarchySystem.hpp */ = {isa = PBXFileReference; lastKnownFileType = sourcecode.cpp.h; path = HierarchySystem.hpp; sourceTree = "<group>"; };
		72F2E7FF240329960041B56A /* HierarchicalTests.cpp */ = {isa = PBXFileReference; fileEncoding = 4; lastKnownFileType = sourcecode.cpp.cpp; path = HierarchicalTests.cpp; sourceTree = "<group>"; };
		72F2E800240329960041B56A /* HierarchicalTests.hpp */ = {isa = PBXFileReference; fileEncoding = 4; lastKnownFileType = sourcecode.cpp.h; path = HierarchicalTests.hpp; sourceTree = "<group>"; };
		72F2E80224046F260041B56A /* HierarchyWorldTransformSystem.cpp */ = {isa = PBXFileReference; lastKnownFileType = sourcecode.cpp.cpp; path = HierarchyWorldTransformSystem.cpp; sourceTree = "<group>"; };
		72F2E80324046F260041B56A /* HierarchyWorldTransformSystem.hpp */ = {isa = PBXFileReference; lastKnownFileType = sourcecode.cpp.h; path = HierarchyWorldTransformSystem.hpp; sourceTree = "<group>"; };
		72F2E805240DA4A90041B56A /* SceneModifier.hpp */ = {isa = PBXFileReference; fileEncoding = 4; lastKnownFileType = sourcecode.cpp.h; path = SceneModifier.hpp; sourceTree = "<group>"; };
		72F2E806240EF8DB0041B56A /* IScene.hpp */ = {isa = PBXFileReference; lastKnownFileType = sourcecode.cpp.h; path = IScene.hpp; sourceTree = "<group>"; };
/* End PBXFileReference section */

/* Begin PBXFrameworksBuildPhase section */
		72332DB7233A90F3007DBD21 /* Frameworks */ = {
			isa = PBXFrameworksBuildPhase;
			buildActionMask = 2147483647;
			files = (
				728008A824D36B8E002DC6E0 /* OpenGL.framework in Frameworks */,
				728008A624D36B75002DC6E0 /* IOKit.framework in Frameworks */,
				728008A424D36B6F002DC6E0 /* CoreVideo.framework in Frameworks */,
				728008A224D36B69002DC6E0 /* Cocoa.framework in Frameworks */,
			);
			runOnlyForDeploymentPostprocessing = 0;
		};
/* End PBXFrameworksBuildPhase section */

/* Begin PBXGroup section */
		720BC268236C7864009F163B /* TestFramework */ = {
			isa = PBXGroup;
			children = (
				720BC269236C7864009F163B /* TestBase.cpp */,
				720BC26A236C7864009F163B /* TestBase.hpp */,
			);
			path = TestFramework;
			sourceTree = "<group>";
		};
		72332DB1233A90F3007DBD21 = {
			isa = PBXGroup;
			children = (
				72ED8725236CE13600CB9E86 /* README.md */,
				72332DBC233A90F3007DBD21 /* AsyncECS */,
				72332DBB233A90F3007DBD21 /* Products */,
				728008A024D36B69002DC6E0 /* Frameworks */,
			);
			sourceTree = "<group>";
		};
		72332DBB233A90F3007DBD21 /* Products */ = {
			isa = PBXGroup;
			children = (
				72332DBA233A90F3007DBD21 /* AsyncECS */,
			);
			name = Products;
			sourceTree = "<group>";
		};
		72332DBC233A90F3007DBD21 /* AsyncECS */ = {
			isa = PBXGroup;
			children = (
				720BC268236C7864009F163B /* TestFramework */,
				72859C7D23FDA3AC00735591 /* Game */,
				728D877D236C7309003EA2C6 /* Tests */,
				728D877A234D239E003EA2C6 /* Tools */,
				728D8779234D2350003EA2C6 /* ECS */,
				72B483C7233A992700E44E78 /* TestSystemDependencies.cpp */,
				72ED8726236CE59200CB9E86 /* Simple.cpp */,
				72F2E7D923FDA9A40041B56A /* RunLogicTests.cpp */,
				72538B32247F099700D2DA71 /* SimpleVelocity.cpp */,
				7282A40924804B99003DB7B9 /* StressTest.cpp */,
				728008A924D36BD6002DC6E0 /* TestRendering.cpp */,
			);
			path = AsyncECS;
			sourceTree = "<group>";
		};
		7280085024CDF4EF002DC6E0 /* Spatial */ = {
			isa = PBXGroup;
			children = (
				7280085D24CDFCA4002DC6E0 /* Tests */,
				7280085124CDF5BF002DC6E0 /* LocalBoundingBox.cpp */,
				7280085224CDF5BF002DC6E0 /* LocalBoundingBox.hpp */,
				7280085724CDFB10002DC6E0 /* WorldBoundingBox.cpp */,
				7280085824CDFB10002DC6E0 /* WorldBoundingBox.hpp */,
				7280085A24CDFB95002DC6E0 /* WorldBoundingBoxSystem.cpp */,
				7280085B24CDFB95002DC6E0 /* WorldBoundingBoxSystem.hpp */,
				7280086124CE0E4F002DC6E0 /* QuadTreeSystem.cpp */,
				7280086224CE0E4F002DC6E0 /* QuadTreeSystem.hpp */,
			);
			path = Spatial;
			sourceTree = "<group>";
		};
		7280085D24CDFCA4002DC6E0 /* Tests */ = {
			isa = PBXGroup;
			children = (
				7280085E24CDFCF3002DC6E0 /* BoundingBoxTests.cpp */,
				7280085F24CDFCF3002DC6E0 /* BoundingBoxTests.hpp */,
				7280086D24CE229F002DC6E0 /* QuadTreeSystemTests.cpp */,
				7280086E24CE229F002DC6E0 /* QuadTreeSystemTests.hpp */,
			);
			path = Tests;
			sourceTree = "<group>";
		};
		7280087024CF6C5A002DC6E0 /* Rendering */ = {
			isa = PBXGroup;
			children = (
				7280087724CF6D87002DC6E0 /* Tests */,
				7280087124CF6C6D002DC6E0 /* Camera.cpp */,
				7280087224CF6C6D002DC6E0 /* Camera.hpp */,
				7280087424CF6CEB002DC6E0 /* RenderSystem.cpp */,
				7280087524CF6CEB002DC6E0 /* RenderSystem.hpp */,
				728008CF24D75A7A002DC6E0 /* Mesh.cpp */,
				728008D024D75A7A002DC6E0 /* Mesh.hpp */,
			);
			path = Rendering;
			sourceTree = "<group>";
		};
		7280087724CF6D87002DC6E0 /* Tests */ = {
			isa = PBXGroup;
			children = (
				7280087824CF6D9B002DC6E0 /* RenderSystemTests.cpp */,
				7280087924CF6D9B002DC6E0 /* RenderSystemTests.hpp */,
			);
			path = Tests;
			sourceTree = "<group>";
		};
		7280087B24D3660E002DC6E0 /* Platform */ = {
			isa = PBXGroup;
			children = (
				7280087D24D3660E002DC6E0 /* OSX */,
				7280088724D3660E002DC6E0 /* Window.hpp */,
			);
			path = Platform;
			sourceTree = "<group>";
		};
		7280087D24D3660E002DC6E0 /* OSX */ = {
			isa = PBXGroup;
			children = (
				7280087E24D3660E002DC6E0 /* OSXView.h */,
				7280088124D3660E002DC6E0 /* Window.mm */,
			);
			path = OSX;
			sourceTree = "<group>";
		};
		7280088D24D36617002DC6E0 /* Core */ = {
			isa = PBXGroup;
			children = (
				7280088E24D36617002DC6E0 /* Engine.hpp */,
				7280088F24D36617002DC6E0 /* InputManager.hpp */,
				7280089024D36617002DC6E0 /* Screen.cpp */,
				7280089124D36617002DC6E0 /* InputDevice.hpp */,
				7280089224D36617002DC6E0 /* Device.cpp */,
				7280089324D36617002DC6E0 /* InputManager.cpp */,
				7280089424D36617002DC6E0 /* Screen.hpp */,
				7280089524D36617002DC6E0 /* InputDevice.cpp */,
				7280089624D36617002DC6E0 /* Device.hpp */,
				7280089724D36617002DC6E0 /* IState.hpp */,
				7280089824D36617002DC6E0 /* Engine.cpp */,
			);
			path = Core;
			sourceTree = "<group>";
		};
		728008A024D36B69002DC6E0 /* Frameworks */ = {
			isa = PBXGroup;
			children = (
				728008A724D36B8E002DC6E0 /* OpenGL.framework */,
				728008A524D36B75002DC6E0 /* IOKit.framework */,
				728008A324D36B6F002DC6E0 /* CoreVideo.framework */,
				728008A124D36B69002DC6E0 /* Cocoa.framework */,
			);
			name = Frameworks;
			sourceTree = "<group>";
		};
		728008B224D37956002DC6E0 /* Tools */ = {
			isa = PBXGroup;
			children = (
				728008B324D37956002DC6E0 /* Event.hpp */,
				728008B424D37956002DC6E0 /* Timer.cpp */,
				728008B524D37956002DC6E0 /* Property.hpp */,
				728008B624D37956002DC6E0 /* Timer.hpp */,
			);
			path = Tools;
			sourceTree = "<group>";
		};
		728008B824D37A04002DC6E0 /* Rendering */ = {
			isa = PBXGroup;
			children = (
				728008D224E12041002DC6E0 /* VertexRenderer.hpp */,
				728008C424D74C2B002DC6E0 /* Color.cpp */,
				728008C324D74C2B002DC6E0 /* Color.hpp */,
				728008C024D74B0A002DC6E0 /* Shader.cpp */,
				728008BE24D74B0A002DC6E0 /* Shader.hpp */,
				728008BF24D74B0A002DC6E0 /* Vertex.cpp */,
				728008BD24D74B0A002DC6E0 /* Vertex.hpp */,
				728008B924D37A04002DC6E0 /* OpenGL.hpp */,
			);
			path = Rendering;
			sourceTree = "<group>";
		};
		72859C7523FDA2E900735591 /* Transform */ = {
			isa = PBXGroup;
			children = (
				72859C8423FDA6B100735591 /* Tests */,
				72F2E80224046F260041B56A /* HierarchyWorldTransformSystem.cpp */,
				72F2E80324046F260041B56A /* HierarchyWorldTransformSystem.hpp */,
				72859C7A23FDA38C00735591 /* LocalTransform.cpp */,
				72859C7B23FDA38C00735591 /* LocalTransform.hpp */,
				72F2E7DB23FDCFEA0041B56A /* WorldTransform.cpp */,
				727A15CA2496ADFE00CB7208 /* WorldTransform.hpp */,
				72F2E7F2240088C60041B56A /* WorldTransformSystem.cpp */,
				72F2E7F1240088C50041B56A /* WorldTransformSystem.hpp */,
			);
			path = Transform;
			sourceTree = "<group>";
		};
		72859C7623FDA2FC00735591 /* Math */ = {
			isa = PBXGroup;
			children = (
				728008C924D751A9002DC6E0 /* Quaternion.cpp */,
				728008CC24D751A9002DC6E0 /* Quaternion.hpp */,
				728008CB24D751A9002DC6E0 /* Vector3.cpp */,
				728008CA24D751A9002DC6E0 /* Vector3.hpp */,
				728008C724D750A6002DC6E0 /* Matrix4x4.cpp */,
				728008C624D750A6002DC6E0 /* Matrix4x4.hpp */,
				72859C7E23FDA43800735591 /* Matrix3x3.cpp */,
				72859C7F23FDA43900735591 /* Matrix3x3.hpp */,
				72859C7723FDA31600735591 /* Vector2.cpp */,
				72859C7823FDA31600735591 /* Vector2.hpp */,
				7280085424CDF720002DC6E0 /* Rect.cpp */,
				7280085524CDF720002DC6E0 /* Rect.hpp */,
				7280086424CE1533002DC6E0 /* QuadTree.cpp */,
				7280086524CE1533002DC6E0 /* QuadTree.hpp */,
				7280086724CE178D002DC6E0 /* BoundingBox.cpp */,
				7280086824CE178D002DC6E0 /* BoundingBox.hpp */,
				7280086A24CE19B8002DC6E0 /* QuadTreeNode.cpp */,
				7280086B24CE19B8002DC6E0 /* QuadTreeNode.hpp */,
			);
			path = Math;
			sourceTree = "<group>";
		};
		72859C7D23FDA3AC00735591 /* Game */ = {
			isa = PBXGroup;
			children = (
				728008B824D37A04002DC6E0 /* Rendering */,
				728008B224D37956002DC6E0 /* Tools */,
				7280088D24D36617002DC6E0 /* Core */,
				7280087B24D3660E002DC6E0 /* Platform */,
				72E7963A23EF542900820B01 /* Logic */,
				72859C7623FDA2FC00735591 /* Math */,
			);
			path = Game;
			sourceTree = "<group>";
		};
		72859C8423FDA6B100735591 /* Tests */ = {
			isa = PBXGroup;
			children = (
				72859C8523FDA6C200735591 /* SpatialTests.cpp */,
				72859C8623FDA6C200735591 /* SpatialTests.hpp */,
			);
			path = Tests;
			sourceTree = "<group>";
		};
		728D8779234D2350003EA2C6 /* ECS */ = {
			isa = PBXGroup;
			children = (
				72F2E805240DA4A90041B56A /* SceneModifier.hpp */,
				72F2E7F42401B4070041B56A /* Systems */,
				72B483C9233BE20900E44E78 /* ComponentContainer.hpp */,
				728D8772234D1BE9003EA2C6 /* GameObject.hpp */,
				728D876E234D1A22003EA2C6 /* GameObjectCollection.cpp */,
				728D876F234D1A22003EA2C6 /* GameObjectCollection.hpp */,
				728D8776234D2192003EA2C6 /* GameObjectDatabase.cpp */,
				728D8777234D2192003EA2C6 /* GameObjectDatabase.hpp */,
				728D876D234D1969003EA2C6 /* Registry.hpp */,
				728D8775234D1E15003EA2C6 /* Scene.hpp */,
				72ED872823735D6B00CB9E86 /* ComponentView.hpp */,
				72676563238889C20080412E /* SystemTask.cpp */,
				72676564238889C20080412E /* SystemTask.hpp */,
				72F2E806240EF8DB0041B56A /* IScene.hpp */,
				7282A40B24804BC1003DB7B9 /* ECS.hpp */,
			);
			path = ECS;
			sourceTree = "<group>";
		};
		728D877A234D239E003EA2C6 /* Tools */ = {
			isa = PBXGroup;
			children = (
				728008AD24D3794D002DC6E0 /* ClassNameHelper.hpp */,
				728008AE24D3794E002DC6E0 /* HasMethodHelper.hpp */,
				728008AF24D3794E002DC6E0 /* TaskRunner.cpp */,
				728008AC24D3794D002DC6E0 /* TaskRunner.hpp */,
				728008B024D3794E002DC6E0 /* TupleHelper.hpp */,
			);
			path = Tools;
			sourceTree = "<group>";
		};
		728D877D236C7309003EA2C6 /* Tests */ = {
			isa = PBXGroup;
			children = (
				720BC26F236C7AC4009F163B /* AllTests.cpp */,
				720BC270236C7AC4009F163B /* AllTests.hpp */,
				720BC26C236C7889009F163B /* TestComponentContainer.cpp */,
				720BC26D236C7889009F163B /* TestComponentContainer.hpp */,
				72ED8722236CCC2B00CB9E86 /* TestGameObjectDatabase.cpp */,
				72ED8723236CCC2B00CB9E86 /* TestGameObjectDatabase.hpp */,
				72F2E7EE240080690041B56A /* TestTaskRunner.cpp */,
				72F2E7EF240080690041B56A /* TestTaskRunner.hpp */,
			);
			path = Tests;
			sourceTree = "<group>";
		};
		72E7963A23EF542900820B01 /* Logic */ = {
			isa = PBXGroup;
			children = (
				7280087024CF6C5A002DC6E0 /* Rendering */,
				72F2E7DE23FDD79E0041B56A /* Hierarchy */,
				7280085024CDF4EF002DC6E0 /* Spatial */,
				72F2E7D823FDA9120041B56A /* Tests */,
				72859C7523FDA2E900735591 /* Transform */,
			);
			path = Logic;
			sourceTree = "<group>";
		};
		72F2E7D823FDA9120041B56A /* Tests */ = {
			isa = PBXGroup;
			children = (
				72F2E7D523FDA90B0041B56A /* LogicTests.cpp */,
				72F2E7D623FDA90B0041B56A /* LogicTests.hpp */,
			);
			path = Tests;
			sourceTree = "<group>";
		};
		72F2E7DE23FDD79E0041B56A /* Hierarchy */ = {
			isa = PBXGroup;
			children = (
				72F2E7FE240329960041B56A /* Tests */,
				72F2E7FB2402D0F20041B56A /* HierarchySystem.cpp */,
				72F2E7FC2402D0F20041B56A /* HierarchySystem.hpp */,
				726BDD3D2404F8B100204F45 /* Hierarchy.cpp */,
				726BDD3E2404F8B100204F45 /* Hierarchy.hpp */,
			);
			path = Hierarchy;
			sourceTree = "<group>";
		};
		72F2E7F42401B4070041B56A /* Systems */ = {
			isa = PBXGroup;
			children = (
				72F2E7F52401B53B0041B56A /* SystemDependencies.hpp */,
				72F2E7F62401B8E70041B56A /* SystemTypes.hpp */,
				72F2E7F72401B9900041B56A /* SystemBase.hpp */,
				72F2E7F82401BA380041B56A /* System.hpp */,
				72F2E7F92401BA9B0041B56A /* SystemChanged.hpp */,
				72F2E7FA2401BB5E0041B56A /* SystemChangedGameObject.hpp */,
			);
			path = Systems;
			sourceTree = "<group>";
		};
		72F2E7FE240329960041B56A /* Tests */ = {
			isa = PBXGroup;
			children = (
				72F2E7FF240329960041B56A /* HierarchicalTests.cpp */,
				72F2E800240329960041B56A /* HierarchicalTests.hpp */,
			);
			path = Tests;
			sourceTree = "<group>";
		};
/* End PBXGroup section */

/* Begin PBXNativeTarget section */
		72332DB9233A90F3007DBD21 /* AsyncECS */ = {
			isa = PBXNativeTarget;
			buildConfigurationList = 72332DC1233A90F3007DBD21 /* Build configuration list for PBXNativeTarget "AsyncECS" */;
			buildPhases = (
				72332DB6233A90F3007DBD21 /* Sources */,
				72332DB7233A90F3007DBD21 /* Frameworks */,
				72332DB8233A90F3007DBD21 /* CopyFiles */,
			);
			buildRules = (
			);
			dependencies = (
			);
			name = AsyncECS;
			productName = AsyncECS;
			productReference = 72332DBA233A90F3007DBD21 /* AsyncECS */;
			productType = "com.apple.product-type.tool";
		};
/* End PBXNativeTarget section */

/* Begin PBXProject section */
		72332DB2233A90F3007DBD21 /* Project object */ = {
			isa = PBXProject;
			attributes = {
				LastUpgradeCheck = 0900;
				ORGANIZATIONNAME = "Jeppe Nielsen";
				TargetAttributes = {
					72332DB9233A90F3007DBD21 = {
						CreatedOnToolsVersion = 9.0.1;
						ProvisioningStyle = Automatic;
					};
				};
			};
			buildConfigurationList = 72332DB5233A90F3007DBD21 /* Build configuration list for PBXProject "AsyncECS" */;
			compatibilityVersion = "Xcode 8.0";
			developmentRegion = en;
			hasScannedForEncodings = 0;
			knownRegions = (
				en,
			);
			mainGroup = 72332DB1233A90F3007DBD21;
			productRefGroup = 72332DBB233A90F3007DBD21 /* Products */;
			projectDirPath = "";
			projectRoot = "";
			targets = (
				72332DB9233A90F3007DBD21 /* AsyncECS */,
			);
		};
/* End PBXProject section */

/* Begin PBXSourcesBuildPhase section */
		72332DB6233A90F3007DBD21 /* Sources */ = {
			isa = PBXSourcesBuildPhase;
			buildActionMask = 2147483647;
			files = (
				728008C524D74C2B002DC6E0 /* Color.cpp in Sources */,
				72F2E801240329960041B56A /* HierarchicalTests.cpp in Sources */,
				7280089B24D36617002DC6E0 /* InputManager.cpp in Sources */,
				72F2E7DA23FDA9A40041B56A /* RunLogicTests.cpp in Sources */,
				72F2E7DD23FDCFEA0041B56A /* WorldTransform.cpp in Sources */,
				728008C124D74B0A002DC6E0 /* Vertex.cpp in Sources */,
				7280086324CE0E4F002DC6E0 /* QuadTreeSystem.cpp in Sources */,
				726BDD3F2404F8B100204F45 /* Hierarchy.cpp in Sources */,
				728008B124D3794E002DC6E0 /* TaskRunner.cpp in Sources */,
				7280086C24CE19B8002DC6E0 /* QuadTreeNode.cpp in Sources */,
				7280085C24CDFB95002DC6E0 /* WorldBoundingBoxSystem.cpp in Sources */,
				72859C8723FDA6C200735591 /* SpatialTests.cpp in Sources */,
				72F2E80424046F260041B56A /* HierarchyWorldTransformSystem.cpp in Sources */,
				7280087A24CF6D9B002DC6E0 /* RenderSystemTests.cpp in Sources */,
				728008D124D75A7A002DC6E0 /* Mesh.cpp in Sources */,
				7282A40A24804B99003DB7B9 /* StressTest.cpp in Sources */,
				728008C824D750A6002DC6E0 /* Matrix4x4.cpp in Sources */,
				72859C7923FDA31600735591 /* Vector2.cpp in Sources */,
				728008CD24D751A9002DC6E0 /* Quaternion.cpp in Sources */,
				7280089C24D36617002DC6E0 /* InputDevice.cpp in Sources */,
				72F2E7FD2402D0F20041B56A /* HierarchySystem.cpp in Sources */,
				720BC26E236C7889009F163B /* TestComponentContainer.cpp in Sources */,
				720BC26B236C7864009F163B /* TestBase.cpp in Sources */,
				72F2E7F3240088C60041B56A /* WorldTransformSystem.cpp in Sources */,
				72F2E7D723FDA90B0041B56A /* LogicTests.cpp in Sources */,
				7280086624CE1533002DC6E0 /* QuadTree.cpp in Sources */,
				728D8778234D2192003EA2C6 /* GameObjectDatabase.cpp in Sources */,
				7280086924CE178E002DC6E0 /* BoundingBox.cpp in Sources */,
				72859C7C23FDA38C00735591 /* LocalTransform.cpp in Sources */,
				72859C8023FDA43900735591 /* Matrix3x3.cpp in Sources */,
				728008AB24D36BD6002DC6E0 /* TestRendering.cpp in Sources */,
				7280086024CDFCF3002DC6E0 /* BoundingBoxTests.cpp in Sources */,
				72ED8724236CCC2B00CB9E86 /* TestGameObjectDatabase.cpp in Sources */,
				7280087324CF6C6D002DC6E0 /* Camera.cpp in Sources */,
				7280087624CF6CEB002DC6E0 /* RenderSystem.cpp in Sources */,
				7280085624CDF720002DC6E0 /* Rect.cpp in Sources */,
				7280089A24D36617002DC6E0 /* Device.cpp in Sources */,
				7280085924CDFB10002DC6E0 /* WorldBoundingBox.cpp in Sources */,
				728008C224D74B0A002DC6E0 /* Shader.cpp in Sources */,
				7280086F24CE229F002DC6E0 /* QuadTreeSystemTests.cpp in Sources */,
				7280089924D36617002DC6E0 /* Screen.cpp in Sources */,
				728008B724D37956002DC6E0 /* Timer.cpp in Sources */,
				7280089D24D36617002DC6E0 /* Engine.cpp in Sources */,
				728008CE24D751A9002DC6E0 /* Vector3.cpp in Sources */,
				7280088A24D3660E002DC6E0 /* Window.mm in Sources */,
				72538B34247F099700D2DA71 /* SimpleVelocity.cpp in Sources */,
				72676565238889C20080412E /* SystemTask.cpp in Sources */,
				720BC271236C7AC4009F163B /* AllTests.cpp in Sources */,
				72ED8727236CE59200CB9E86 /* Simple.cpp in Sources */,
				7280085324CDF5BF002DC6E0 /* LocalBoundingBox.cpp in Sources */,
				728D8770234D1A22003EA2C6 /* GameObjectCollection.cpp in Sources */,
				72B483C8233A992700E44E78 /* TestSystemDependencies.cpp in Sources */,
				72F2E7F0240080690041B56A /* TestTaskRunner.cpp in Sources */,
			);
			runOnlyForDeploymentPostprocessing = 0;
		};
/* End PBXSourcesBuildPhase section */

/* Begin XCBuildConfiguration section */
		72332DBF233A90F3007DBD21 /* Debug */ = {
			isa = XCBuildConfiguration;
			buildSettings = {
				ALWAYS_SEARCH_USER_PATHS = NO;
				CLANG_ANALYZER_NONNULL = YES;
				CLANG_ANALYZER_NUMBER_OBJECT_CONVERSION = YES_AGGRESSIVE;
				CLANG_CXX_LANGUAGE_STANDARD = "gnu++14";
				CLANG_CXX_LIBRARY = "libc++";
				CLANG_ENABLE_MODULES = YES;
				CLANG_ENABLE_OBJC_ARC = YES;
				CLANG_WARN_BLOCK_CAPTURE_AUTORELEASING = YES;
				CLANG_WARN_BOOL_CONVERSION = YES;
				CLANG_WARN_COMMA = YES;
				CLANG_WARN_CONSTANT_CONVERSION = YES;
				CLANG_WARN_DIRECT_OBJC_ISA_USAGE = YES_ERROR;
				CLANG_WARN_DOCUMENTATION_COMMENTS = YES;
				CLANG_WARN_EMPTY_BODY = YES;
				CLANG_WARN_ENUM_CONVERSION = YES;
				CLANG_WARN_INFINITE_RECURSION = YES;
				CLANG_WARN_INT_CONVERSION = YES;
				CLANG_WARN_NON_LITERAL_NULL_CONVERSION = YES;
				CLANG_WARN_OBJC_LITERAL_CONVERSION = YES;
				CLANG_WARN_OBJC_ROOT_CLASS = YES_ERROR;
				CLANG_WARN_RANGE_LOOP_ANALYSIS = YES;
				CLANG_WARN_STRICT_PROTOTYPES = YES;
				CLANG_WARN_SUSPICIOUS_MOVE = YES;
				CLANG_WARN_UNGUARDED_AVAILABILITY = YES_AGGRESSIVE;
				CLANG_WARN_UNREACHABLE_CODE = YES;
				CLANG_WARN__DUPLICATE_METHOD_MATCH = YES;
				CODE_SIGN_IDENTITY = "-";
				COPY_PHASE_STRIP = NO;
				DEBUG_INFORMATION_FORMAT = dwarf;
				ENABLE_STRICT_OBJC_MSGSEND = YES;
				ENABLE_TESTABILITY = YES;
				GCC_C_LANGUAGE_STANDARD = gnu11;
				GCC_DYNAMIC_NO_PIC = NO;
				GCC_NO_COMMON_BLOCKS = YES;
				GCC_OPTIMIZATION_LEVEL = 0;
				GCC_PREPROCESSOR_DEFINITIONS = (
					"DEBUG=1",
					"$(inherited)",
				);
				GCC_WARN_64_TO_32_BIT_CONVERSION = YES;
				GCC_WARN_ABOUT_RETURN_TYPE = YES_ERROR;
				GCC_WARN_UNDECLARED_SELECTOR = YES;
				GCC_WARN_UNINITIALIZED_AUTOS = YES_AGGRESSIVE;
				GCC_WARN_UNUSED_FUNCTION = YES;
				GCC_WARN_UNUSED_VARIABLE = YES;
				MACOSX_DEPLOYMENT_TARGET = 10.12;
				MTL_ENABLE_DEBUG_INFO = YES;
				ONLY_ACTIVE_ARCH = YES;
				SDKROOT = macosx;
			};
			name = Debug;
		};
		72332DC0233A90F3007DBD21 /* Release */ = {
			isa = XCBuildConfiguration;
			buildSettings = {
				ALWAYS_SEARCH_USER_PATHS = NO;
				CLANG_ANALYZER_NONNULL = YES;
				CLANG_ANALYZER_NUMBER_OBJECT_CONVERSION = YES_AGGRESSIVE;
				CLANG_CXX_LANGUAGE_STANDARD = "gnu++14";
				CLANG_CXX_LIBRARY = "libc++";
				CLANG_ENABLE_MODULES = YES;
				CLANG_ENABLE_OBJC_ARC = YES;
				CLANG_WARN_BLOCK_CAPTURE_AUTORELEASING = YES;
				CLANG_WARN_BOOL_CONVERSION = YES;
				CLANG_WARN_COMMA = YES;
				CLANG_WARN_CONSTANT_CONVERSION = YES;
				CLANG_WARN_DIRECT_OBJC_ISA_USAGE = YES_ERROR;
				CLANG_WARN_DOCUMENTATION_COMMENTS = YES;
				CLANG_WARN_EMPTY_BODY = YES;
				CLANG_WARN_ENUM_CONVERSION = YES;
				CLANG_WARN_INFINITE_RECURSION = YES;
				CLANG_WARN_INT_CONVERSION = YES;
				CLANG_WARN_NON_LITERAL_NULL_CONVERSION = YES;
				CLANG_WARN_OBJC_LITERAL_CONVERSION = YES;
				CLANG_WARN_OBJC_ROOT_CLASS = YES_ERROR;
				CLANG_WARN_RANGE_LOOP_ANALYSIS = YES;
				CLANG_WARN_STRICT_PROTOTYPES = YES;
				CLANG_WARN_SUSPICIOUS_MOVE = YES;
				CLANG_WARN_UNGUARDED_AVAILABILITY = YES_AGGRESSIVE;
				CLANG_WARN_UNREACHABLE_CODE = YES;
				CLANG_WARN__DUPLICATE_METHOD_MATCH = YES;
				CODE_SIGN_IDENTITY = "-";
				COPY_PHASE_STRIP = NO;
				DEBUG_INFORMATION_FORMAT = "dwarf-with-dsym";
				ENABLE_NS_ASSERTIONS = NO;
				ENABLE_STRICT_OBJC_MSGSEND = YES;
				GCC_C_LANGUAGE_STANDARD = gnu11;
				GCC_NO_COMMON_BLOCKS = YES;
				GCC_WARN_64_TO_32_BIT_CONVERSION = YES;
				GCC_WARN_ABOUT_RETURN_TYPE = YES_ERROR;
				GCC_WARN_UNDECLARED_SELECTOR = YES;
				GCC_WARN_UNINITIALIZED_AUTOS = YES_AGGRESSIVE;
				GCC_WARN_UNUSED_FUNCTION = YES;
				GCC_WARN_UNUSED_VARIABLE = YES;
				MACOSX_DEPLOYMENT_TARGET = 10.12;
				MTL_ENABLE_DEBUG_INFO = NO;
				SDKROOT = macosx;
			};
			name = Release;
		};
		72332DC2233A90F3007DBD21 /* Debug */ = {
			isa = XCBuildConfiguration;
			buildSettings = {
				CLANG_CXX_LANGUAGE_STANDARD = "c++17";
				CLANG_CXX_LIBRARY = "compiler-default";
				CODE_SIGN_STYLE = Automatic;
				GCC_C_LANGUAGE_STANDARD = c11;
				GCC_FAST_MATH = NO;
				GCC_PREPROCESSOR_DEFINITIONS = (
					"DEBUG=1",
					"$(inherited)",
					GL_SILENCE_DEPRECATION,
				);
				HEADER_SEARCH_PATHS = AsyncECS/taskflow/;
				MACOSX_DEPLOYMENT_TARGET = 10.14;
				PRODUCT_NAME = "$(TARGET_NAME)";
			};
			name = Debug;
		};
		72332DC3233A90F3007DBD21 /* Release */ = {
			isa = XCBuildConfiguration;
			buildSettings = {
				CLANG_CXX_LANGUAGE_STANDARD = "c++17";
				CLANG_CXX_LIBRARY = "compiler-default";
				CODE_SIGN_STYLE = Automatic;
				GCC_C_LANGUAGE_STANDARD = c11;
				GCC_FAST_MATH = NO;
				GCC_OPTIMIZATION_LEVEL = fast;
				HEADER_SEARCH_PATHS = AsyncECS/taskflow/;
				MACOSX_DEPLOYMENT_TARGET = 10.14;
				PRODUCT_NAME = "$(TARGET_NAME)";
			};
			name = Release;
		};
/* End XCBuildConfiguration section */

/* Begin XCConfigurationList section */
		72332DB5233A90F3007DBD21 /* Build configuration list for PBXProject "AsyncECS" */ = {
			isa = XCConfigurationList;
			buildConfigurations = (
				72332DBF233A90F3007DBD21 /* Debug */,
				72332DC0233A90F3007DBD21 /* Release */,
			);
			defaultConfigurationIsVisible = 0;
			defaultConfigurationName = Release;
		};
		72332DC1233A90F3007DBD21 /* Build configuration list for PBXNativeTarget "AsyncECS" */ = {
			isa = XCConfigurationList;
			buildConfigurations = (
				72332DC2233A90F3007DBD21 /* Debug */,
				72332DC3233A90F3007DBD21 /* Release */,
			);
			defaultConfigurationIsVisible = 0;
			defaultConfigurationName = Release;
		};
/* End XCConfigurationList section */
	};
	rootObject = 72332DB2233A90F3007DBD21 /* Project object */;
}
