// !$*UTF8*$!
{
	archiveVersion = 1;
	classes = {
	};
	objectVersion = 48;
	objects = {

/* Begin PBXBuildFile section */
		720BC26B236C7864009F163B /* TestBase.cpp in Sources */ = {isa = PBXBuildFile; fileRef = 720BC269236C7864009F163B /* TestBase.cpp */; };
		720BC26E236C7889009F163B /* TestComponentContainer.cpp in Sources */ = {isa = PBXBuildFile; fileRef = 720BC26C236C7889009F163B /* TestComponentContainer.cpp */; };
		720BC271236C7AC4009F163B /* AllTests.cpp in Sources */ = {isa = PBXBuildFile; fileRef = 720BC26F236C7AC4009F163B /* AllTests.cpp */; };
		728D8770234D1A22003EA2C6 /* GameObjectCollection.cpp in Sources */ = {isa = PBXBuildFile; fileRef = 728D876E234D1A22003EA2C6 /* GameObjectCollection.cpp */; };
		728D8778234D2192003EA2C6 /* GameObjectDatabase.cpp in Sources */ = {isa = PBXBuildFile; fileRef = 728D8776234D2192003EA2C6 /* GameObjectDatabase.cpp */; };
		728D877C235F96E2003EA2C6 /* TestComponentContainer.cpp in Sources */ = {isa = PBXBuildFile; fileRef = 728D877B235F96E2003EA2C6 /* TestComponentContainer.cpp */; };
		72B483C8233A992700E44E78 /* TestSystemDependencies.cpp in Sources */ = {isa = PBXBuildFile; fileRef = 72B483C7233A992700E44E78 /* TestSystemDependencies.cpp */; };
		72B483CE233D485800E44E78 /* Timer.cpp in Sources */ = {isa = PBXBuildFile; fileRef = 72B483CC233D485800E44E78 /* Timer.cpp */; };
/* End PBXBuildFile section */

/* Begin PBXCopyFilesBuildPhase section */
		72332DB8233A90F3007DBD21 /* CopyFiles */ = {
			isa = PBXCopyFilesBuildPhase;
			buildActionMask = 2147483647;
			dstPath = /usr/share/man/man1/;
			dstSubfolderSpec = 0;
			files = (
			);
			runOnlyForDeploymentPostprocessing = 1;
		};
/* End PBXCopyFilesBuildPhase section */

/* Begin PBXFileReference section */
		720BC269236C7864009F163B /* TestBase.cpp */ = {isa = PBXFileReference; fileEncoding = 4; lastKnownFileType = sourcecode.cpp.cpp; path = TestBase.cpp; sourceTree = "<group>"; };
		720BC26A236C7864009F163B /* TestBase.hpp */ = {isa = PBXFileReference; fileEncoding = 4; lastKnownFileType = sourcecode.cpp.h; path = TestBase.hpp; sourceTree = "<group>"; };
		720BC26C236C7889009F163B /* TestComponentContainer.cpp */ = {isa = PBXFileReference; lastKnownFileType = sourcecode.cpp.cpp; path = TestComponentContainer.cpp; sourceTree = "<group>"; };
		720BC26D236C7889009F163B /* TestComponentContainer.hpp */ = {isa = PBXFileReference; lastKnownFileType = sourcecode.cpp.h; path = TestComponentContainer.hpp; sourceTree = "<group>"; };
		720BC26F236C7AC4009F163B /* AllTests.cpp */ = {isa = PBXFileReference; lastKnownFileType = sourcecode.cpp.cpp; path = AllTests.cpp; sourceTree = "<group>"; };
		720BC270236C7AC4009F163B /* AllTests.hpp */ = {isa = PBXFileReference; lastKnownFileType = sourcecode.cpp.h; path = AllTests.hpp; sourceTree = "<group>"; };
		72332DBA233A90F3007DBD21 /* AsyncECS */ = {isa = PBXFileReference; explicitFileType = "compiled.mach-o.executable"; includeInIndex = 0; path = AsyncECS; sourceTree = BUILT_PRODUCTS_DIR; };
		728D876D234D1969003EA2C6 /* Registry.hpp */ = {isa = PBXFileReference; lastKnownFileType = sourcecode.cpp.h; path = Registry.hpp; sourceTree = "<group>"; };
		728D876E234D1A22003EA2C6 /* GameObjectCollection.cpp */ = {isa = PBXFileReference; lastKnownFileType = sourcecode.cpp.cpp; path = GameObjectCollection.cpp; sourceTree = "<group>"; };
		728D876F234D1A22003EA2C6 /* GameObjectCollection.hpp */ = {isa = PBXFileReference; lastKnownFileType = sourcecode.cpp.h; path = GameObjectCollection.hpp; sourceTree = "<group>"; };
		728D8772234D1BE9003EA2C6 /* GameObject.hpp */ = {isa = PBXFileReference; lastKnownFileType = sourcecode.cpp.h; path = GameObject.hpp; sourceTree = "<group>"; };
		728D8774234D1D5E003EA2C6 /* System.hpp */ = {isa = PBXFileReference; lastKnownFileType = sourcecode.cpp.h; path = System.hpp; sourceTree = "<group>"; };
		728D8775234D1E15003EA2C6 /* Scene.hpp */ = {isa = PBXFileReference; lastKnownFileType = sourcecode.cpp.h; path = Scene.hpp; sourceTree = "<group>"; };
		728D8776234D2192003EA2C6 /* GameObjectDatabase.cpp */ = {isa = PBXFileReference; lastKnownFileType = sourcecode.cpp.cpp; path = GameObjectDatabase.cpp; sourceTree = "<group>"; };
		728D8777234D2192003EA2C6 /* GameObjectDatabase.hpp */ = {isa = PBXFileReference; lastKnownFileType = sourcecode.cpp.h; path = GameObjectDatabase.hpp; sourceTree = "<group>"; };
		728D877B235F96E2003EA2C6 /* TestComponentContainer.cpp */ = {isa = PBXFileReference; lastKnownFileType = sourcecode.cpp.cpp; path = TestComponentContainer.cpp; sourceTree = "<group>"; };
		72B483C7233A992700E44E78 /* TestSystemDependencies.cpp */ = {isa = PBXFileReference; lastKnownFileType = sourcecode.cpp.cpp; path = TestSystemDependencies.cpp; sourceTree = "<group>"; };
		72B483C9233BE20900E44E78 /* ComponentContainer.hpp */ = {isa = PBXFileReference; lastKnownFileType = sourcecode.cpp.h; path = ComponentContainer.hpp; sourceTree = "<group>"; };
		72B483CA233BEDA200E44E78 /* TupleHelper.hpp */ = {isa = PBXFileReference; lastKnownFileType = sourcecode.cpp.h; path = TupleHelper.hpp; sourceTree = "<group>"; };
		72B483CC233D485800E44E78 /* Timer.cpp */ = {isa = PBXFileReference; lastKnownFileType = sourcecode.cpp.cpp; path = Timer.cpp; sourceTree = "<group>"; };
		72B483CD233D485800E44E78 /* Timer.hpp */ = {isa = PBXFileReference; lastKnownFileType = sourcecode.cpp.h; path = Timer.hpp; sourceTree = "<group>"; };
/* End PBXFileReference section */

/* Begin PBXFrameworksBuildPhase section */
		72332DB7233A90F3007DBD21 /* Frameworks */ = {
			isa = PBXFrameworksBuildPhase;
			buildActionMask = 2147483647;
			files = (
			);
			runOnlyForDeploymentPostprocessing = 0;
		};
/* End PBXFrameworksBuildPhase section */

/* Begin PBXGroup section */
		720BC268236C7864009F163B /* TestFramework */ = {
			isa = PBXGroup;
			children = (
				720BC269236C7864009F163B /* TestBase.cpp */,
				720BC26A236C7864009F163B /* TestBase.hpp */,
			);
			path = TestFramework;
			sourceTree = "<group>";
		};
		72332DB1233A90F3007DBD21 = {
			isa = PBXGroup;
			children = (
				72332DBC233A90F3007DBD21 /* AsyncECS */,
				72332DBB233A90F3007DBD21 /* Products */,
			);
			sourceTree = "<group>";
		};
		72332DBB233A90F3007DBD21 /* Products */ = {
			isa = PBXGroup;
			children = (
				72332DBA233A90F3007DBD21 /* AsyncECS */,
			);
			name = Products;
			sourceTree = "<group>";
		};
		72332DBC233A90F3007DBD21 /* AsyncECS */ = {
			isa = PBXGroup;
			children = (
				728D877D236C7309003EA2C6 /* Tests */,
				728D877A234D239E003EA2C6 /* Tools */,
				728D8779234D2350003EA2C6 /* ECS */,
				72B483C7233A992700E44E78 /* TestSystemDependencies.cpp */,
				728D877B235F96E2003EA2C6 /* TestComponentContainer.cpp */,
			);
			path = AsyncECS;
			sourceTree = "<group>";
		};
		728D8779234D2350003EA2C6 /* ECS */ = {
			isa = PBXGroup;
			children = (
				72B483C9233BE20900E44E78 /* ComponentContainer.hpp */,
				728D8772234D1BE9003EA2C6 /* GameObject.hpp */,
				728D876E234D1A22003EA2C6 /* GameObjectCollection.cpp */,
				728D876F234D1A22003EA2C6 /* GameObjectCollection.hpp */,
				728D8776234D2192003EA2C6 /* GameObjectDatabase.cpp */,
				728D8777234D2192003EA2C6 /* GameObjectDatabase.hpp */,
				728D876D234D1969003EA2C6 /* Registry.hpp */,
				728D8775234D1E15003EA2C6 /* Scene.hpp */,
				728D8774234D1D5E003EA2C6 /* System.hpp */,
			);
			path = ECS;
			sourceTree = "<group>";
		};
		728D877A234D239E003EA2C6 /* Tools */ = {
			isa = PBXGroup;
			children = (
				72B483CC233D485800E44E78 /* Timer.cpp */,
				72B483CD233D485800E44E78 /* Timer.hpp */,
				72B483CA233BEDA200E44E78 /* TupleHelper.hpp */,
			);
			path = Tools;
			sourceTree = "<group>";
		};
		728D877D236C7309003EA2C6 /* Tests */ = {
			isa = PBXGroup;
			children = (
				720BC26F236C7AC4009F163B /* AllTests.cpp */,
				720BC270236C7AC4009F163B /* AllTests.hpp */,
				720BC26C236C7889009F163B /* TestComponentContainer.cpp */,
				720BC26D236C7889009F163B /* TestComponentContainer.hpp */,
				720BC268236C7864009F163B /* TestFramework */,
			);
			path = Tests;
			sourceTree = "<group>";
		};
/* End PBXGroup section */

/* Begin PBXNativeTarget section */
		72332DB9233A90F3007DBD21 /* AsyncECS */ = {
			isa = PBXNativeTarget;
			buildConfigurationList = 72332DC1233A90F3007DBD21 /* Build configuration list for PBXNativeTarget "AsyncECS" */;
			buildPhases = (
				72332DB6233A90F3007DBD21 /* Sources */,
				72332DB7233A90F3007DBD21 /* Frameworks */,
				72332DB8233A90F3007DBD21 /* CopyFiles */,
			);
			buildRules = (
			);
			dependencies = (
			);
			name = AsyncECS;
			productName = AsyncECS;
			productReference = 72332DBA233A90F3007DBD21 /* AsyncECS */;
			productType = "com.apple.product-type.tool";
		};
/* End PBXNativeTarget section */

/* Begin PBXProject section */
		72332DB2233A90F3007DBD21 /* Project object */ = {
			isa = PBXProject;
			attributes = {
				LastUpgradeCheck = 0900;
				ORGANIZATIONNAME = "Jeppe Nielsen";
				TargetAttributes = {
					72332DB9233A90F3007DBD21 = {
						CreatedOnToolsVersion = 9.0.1;
						ProvisioningStyle = Automatic;
					};
				};
			};
			buildConfigurationList = 72332DB5233A90F3007DBD21 /* Build configuration list for PBXProject "AsyncECS" */;
			compatibilityVersion = "Xcode 8.0";
			developmentRegion = en;
			hasScannedForEncodings = 0;
			knownRegions = (
				en,
			);
			mainGroup = 72332DB1233A90F3007DBD21;
			productRefGroup = 72332DBB233A90F3007DBD21 /* Products */;
			projectDirPath = "";
			projectRoot = "";
			targets = (
				72332DB9233A90F3007DBD21 /* AsyncECS */,
			);
		};
/* End PBXProject section */

/* Begin PBXSourcesBuildPhase section */
		72332DB6233A90F3007DBD21 /* Sources */ = {
			isa = PBXSourcesBuildPhase;
			buildActionMask = 2147483647;
			files = (
				72B483CE233D485800E44E78 /* Timer.cpp in Sources */,
				720BC26E236C7889009F163B /* TestComponentContainer.cpp in Sources */,
				728D877C235F96E2003EA2C6 /* TestComponentContainer.cpp in Sources */,
				720BC26B236C7864009F163B /* TestBase.cpp in Sources */,
				728D8778234D2192003EA2C6 /* GameObjectDatabase.cpp in Sources */,
				720BC271236C7AC4009F163B /* AllTests.cpp in Sources */,
				728D8770234D1A22003EA2C6 /* GameObjectCollection.cpp in Sources */,
				72B483C8233A992700E44E78 /* TestSystemDependencies.cpp in Sources */,
			);
			runOnlyForDeploymentPostprocessing = 0;
		};
/* End PBXSourcesBuildPhase section */

/* Begin XCBuildConfiguration section */
		72332DBF233A90F3007DBD21 /* Debug */ = {
			isa = XCBuildConfiguration;
			buildSettings = {
				ALWAYS_SEARCH_USER_PATHS = NO;
				CLANG_ANALYZER_NONNULL = YES;
				CLANG_ANALYZER_NUMBER_OBJECT_CONVERSION = YES_AGGRESSIVE;
				CLANG_CXX_LANGUAGE_STANDARD = "gnu++14";
				CLANG_CXX_LIBRARY = "libc++";
				CLANG_ENABLE_MODULES = YES;
				CLANG_ENABLE_OBJC_ARC = YES;
				CLANG_WARN_BLOCK_CAPTURE_AUTORELEASING = YES;
				CLANG_WARN_BOOL_CONVERSION = YES;
				CLANG_WARN_COMMA = YES;
				CLANG_WARN_CONSTANT_CONVERSION = YES;
				CLANG_WARN_DIRECT_OBJC_ISA_USAGE = YES_ERROR;
				CLANG_WARN_DOCUMENTATION_COMMENTS = YES;
				CLANG_WARN_EMPTY_BODY = YES;
				CLANG_WARN_ENUM_CONVERSION = YES;
				CLANG_WARN_INFINITE_RECURSION = YES;
				CLANG_WARN_INT_CONVERSION = YES;
				CLANG_WARN_NON_LITERAL_NULL_CONVERSION = YES;
				CLANG_WARN_OBJC_LITERAL_CONVERSION = YES;
				CLANG_WARN_OBJC_ROOT_CLASS = YES_ERROR;
				CLANG_WARN_RANGE_LOOP_ANALYSIS = YES;
				CLANG_WARN_STRICT_PROTOTYPES = YES;
				CLANG_WARN_SUSPICIOUS_MOVE = YES;
				CLANG_WARN_UNGUARDED_AVAILABILITY = YES_AGGRESSIVE;
				CLANG_WARN_UNREACHABLE_CODE = YES;
				CLANG_WARN__DUPLICATE_METHOD_MATCH = YES;
				CODE_SIGN_IDENTITY = "-";
				COPY_PHASE_STRIP = NO;
				DEBUG_INFORMATION_FORMAT = dwarf;
				ENABLE_STRICT_OBJC_MSGSEND = YES;
				ENABLE_TESTABILITY = YES;
				GCC_C_LANGUAGE_STANDARD = gnu11;
				GCC_DYNAMIC_NO_PIC = NO;
				GCC_NO_COMMON_BLOCKS = YES;
				GCC_OPTIMIZATION_LEVEL = 0;
				GCC_PREPROCESSOR_DEFINITIONS = (
					"DEBUG=1",
					"$(inherited)",
				);
				GCC_WARN_64_TO_32_BIT_CONVERSION = YES;
				GCC_WARN_ABOUT_RETURN_TYPE = YES_ERROR;
				GCC_WARN_UNDECLARED_SELECTOR = YES;
				GCC_WARN_UNINITIALIZED_AUTOS = YES_AGGRESSIVE;
				GCC_WARN_UNUSED_FUNCTION = YES;
				GCC_WARN_UNUSED_VARIABLE = YES;
				MACOSX_DEPLOYMENT_TARGET = 10.12;
				MTL_ENABLE_DEBUG_INFO = YES;
				ONLY_ACTIVE_ARCH = YES;
				SDKROOT = macosx;
			};
			name = Debug;
		};
		72332DC0233A90F3007DBD21 /* Release */ = {
			isa = XCBuildConfiguration;
			buildSettings = {
				ALWAYS_SEARCH_USER_PATHS = NO;
				CLANG_ANALYZER_NONNULL = YES;
				CLANG_ANALYZER_NUMBER_OBJECT_CONVERSION = YES_AGGRESSIVE;
				CLANG_CXX_LANGUAGE_STANDARD = "gnu++14";
				CLANG_CXX_LIBRARY = "libc++";
				CLANG_ENABLE_MODULES = YES;
				CLANG_ENABLE_OBJC_ARC = YES;
				CLANG_WARN_BLOCK_CAPTURE_AUTORELEASING = YES;
				CLANG_WARN_BOOL_CONVERSION = YES;
				CLANG_WARN_COMMA = YES;
				CLANG_WARN_CONSTANT_CONVERSION = YES;
				CLANG_WARN_DIRECT_OBJC_ISA_USAGE = YES_ERROR;
				CLANG_WARN_DOCUMENTATION_COMMENTS = YES;
				CLANG_WARN_EMPTY_BODY = YES;
				CLANG_WARN_ENUM_CONVERSION = YES;
				CLANG_WARN_INFINITE_RECURSION = YES;
				CLANG_WARN_INT_CONVERSION = YES;
				CLANG_WARN_NON_LITERAL_NULL_CONVERSION = YES;
				CLANG_WARN_OBJC_LITERAL_CONVERSION = YES;
				CLANG_WARN_OBJC_ROOT_CLASS = YES_ERROR;
				CLANG_WARN_RANGE_LOOP_ANALYSIS = YES;
				CLANG_WARN_STRICT_PROTOTYPES = YES;
				CLANG_WARN_SUSPICIOUS_MOVE = YES;
				CLANG_WARN_UNGUARDED_AVAILABILITY = YES_AGGRESSIVE;
				CLANG_WARN_UNREACHABLE_CODE = YES;
				CLANG_WARN__DUPLICATE_METHOD_MATCH = YES;
				CODE_SIGN_IDENTITY = "-";
				COPY_PHASE_STRIP = NO;
				DEBUG_INFORMATION_FORMAT = "dwarf-with-dsym";
				ENABLE_NS_ASSERTIONS = NO;
				ENABLE_STRICT_OBJC_MSGSEND = YES;
				GCC_C_LANGUAGE_STANDARD = gnu11;
				GCC_NO_COMMON_BLOCKS = YES;
				GCC_WARN_64_TO_32_BIT_CONVERSION = YES;
				GCC_WARN_ABOUT_RETURN_TYPE = YES_ERROR;
				GCC_WARN_UNDECLARED_SELECTOR = YES;
				GCC_WARN_UNINITIALIZED_AUTOS = YES_AGGRESSIVE;
				GCC_WARN_UNUSED_FUNCTION = YES;
				GCC_WARN_UNUSED_VARIABLE = YES;
				MACOSX_DEPLOYMENT_TARGET = 10.12;
				MTL_ENABLE_DEBUG_INFO = NO;
				SDKROOT = macosx;
			};
			name = Release;
		};
		72332DC2233A90F3007DBD21 /* Debug */ = {
			isa = XCBuildConfiguration;
			buildSettings = {
				CLANG_CXX_LANGUAGE_STANDARD = "gnu++17";
				CLANG_CXX_LIBRARY = "libc++";
				CODE_SIGN_STYLE = Automatic;
				GCC_FAST_MATH = NO;
				PRODUCT_NAME = "$(TARGET_NAME)";
			};
			name = Debug;
		};
		72332DC3233A90F3007DBD21 /* Release */ = {
			isa = XCBuildConfiguration;
			buildSettings = {
				CLANG_CXX_LANGUAGE_STANDARD = "gnu++17";
				CLANG_CXX_LIBRARY = "libc++";
				CODE_SIGN_STYLE = Automatic;
				GCC_FAST_MATH = NO;
				GCC_OPTIMIZATION_LEVEL = fast;
				PRODUCT_NAME = "$(TARGET_NAME)";
			};
			name = Release;
		};
/* End XCBuildConfiguration section */

/* Begin XCConfigurationList section */
		72332DB5233A90F3007DBD21 /* Build configuration list for PBXProject "AsyncECS" */ = {
			isa = XCConfigurationList;
			buildConfigurations = (
				72332DBF233A90F3007DBD21 /* Debug */,
				72332DC0233A90F3007DBD21 /* Release */,
			);
			defaultConfigurationIsVisible = 0;
			defaultConfigurationName = Release;
		};
		72332DC1233A90F3007DBD21 /* Build configuration list for PBXNativeTarget "AsyncECS" */ = {
			isa = XCConfigurationList;
			buildConfigurations = (
				72332DC2233A90F3007DBD21 /* Debug */,
				72332DC3233A90F3007DBD21 /* Release */,
			);
			defaultConfigurationIsVisible = 0;
			defaultConfigurationName = Release;
		};
/* End XCConfigurationList section */
	};
	rootObject = 72332DB2233A90F3007DBD21 /* Project object */;
}
